
Microsoft Visual Studio Solution File, Format Version 12.00
# Visual Studio 15
VisualStudioVersion = 15.0.28010.2050
MinimumVisualStudioVersion = 10.0.40219.1
Project("{FAE04EC0-301F-11D3-BF4B-00C04F79EFBC}") = "NoteWinform", "NoteForWindows\NoteWinform.csproj", "{155FD79C-A14D-463B-B38F-4EA0EE328B98}"
EndProject
Project("{9A19103F-16F7-4668-BE54-9A1E7A4F7556}") = "NoteServer", "NoteForServer\NoteServer.csproj", "{FFF97942-E992-4C31-8926-FDAC2714C107}"
EndProject
Project("{FAE04EC0-301F-11D3-BF4B-00C04F79EFBC}") = "NoteCore", "NoteCore\NoteCore.csproj", "{C76F32C6-63F8-4AFE-B549-426718721469}"
EndProject
Global
	GlobalSection(SolutionConfigurationPlatforms) = preSolution
		Debug|Any CPU = Debug|Any CPU
		Release|Any CPU = Release|Any CPU
	EndGlobalSection
	GlobalSection(ProjectConfigurationPlatforms) = postSolution
		{155FD79C-A14D-463B-B38F-4EA0EE328B98}.Debug|Any CPU.ActiveCfg = Debug|Any CPU
		{155FD79C-A14D-463B-B38F-4EA0EE328B98}.Debug|Any CPU.Build.0 = Debug|Any CPU
		{155FD79C-A14D-463B-B38F-4EA0EE328B98}.Release|Any CPU.ActiveCfg = Release|Any CPU
		{155FD79C-A14D-463B-B38F-4EA0EE328B98}.Release|Any CPU.Build.0 = Release|Any CPU
		{FFF97942-E992-4C31-8926-FDAC2714C107}.Debug|Any CPU.ActiveCfg = Debug|Any CPU
		{FFF97942-E992-4C31-8926-FDAC2714C107}.Debug|Any CPU.Build.0 = Debug|Any CPU
		{FFF97942-E992-4C31-8926-FDAC2714C107}.Release|Any CPU.ActiveCfg = Release|Any CPU
		{FFF97942-E992-4C31-8926-FDAC2714C107}.Release|Any CPU.Build.0 = Release|Any CPU
		{C76F32C6-63F8-4AFE-B549-426718721469}.Debug|Any CPU.ActiveCfg = Debug|Any CPU
		{C76F32C6-63F8-4AFE-B549-426718721469}.Debug|Any CPU.Build.0 = Debug|Any CPU
		{C76F32C6-63F8-4AFE-B549-426718721469}.Release|Any CPU.ActiveCfg = Release|Any CPU
		{C76F32C6-63F8-4AFE-B549-426718721469}.Release|Any CPU.Build.0 = Release|Any CPU
	EndGlobalSection
	GlobalSection(SolutionProperties) = preSolution
		HideSolutionNode = FALSE
	EndGlobalSection
	GlobalSection(ExtensibilityGlobals) = postSolution
		SolutionGuid = {EFF0367B-4CB2-4698-B760-3D260CEFFD03}
	EndGlobalSection
EndGlobal
