
Microsoft Visual Studio Solution File, Format Version 12.00
# Visual Studio Version 16
VisualStudioVersion = 16.0.28803.452
MinimumVisualStudioVersion = 10.0.40219.1
Project("{9A19103F-16F7-4668-BE54-9A1E7A4F7556}") = "NoteCore", "NoteCore\NoteCore.csproj", "{C76F32C6-63F8-4AFE-B549-426718721469}"
EndProject
Project("{FAE04EC0-301F-11D3-BF4B-00C04F79EFBC}") = "NoteWinform", "NoteWinform\NoteWinform.csproj", "{155FD79C-A14D-463B-B38F-4EA0EE328B98}"
EndProject
Project("{54435603-DBB4-11D2-8724-00A0C9A8B90C}") = "NoteWinformSetup", "NoteWinformSetup\NoteWinformSetup.vdproj", "{5C22B213-65BF-4AA0-85C5-B2491C96B6C1}"
EndProject
Project("{FAE04EC0-301F-11D3-BF4B-00C04F79EFBC}") = "NoteWpf", "NoteWpf\NoteWpf.csproj", "{C0A142C0-4D00-4239-97C1-442975DE49BF}"
EndProject
Project("{9A19103F-16F7-4668-BE54-9A1E7A4F7556}") = "NoteWinCore", "NoteWinCore\NoteWinCore.csproj", "{7C28003A-E56A-4424-98D2-B4464F03D47A}"
EndProject
Project("{9A19103F-16F7-4668-BE54-9A1E7A4F7556}") = "NoteWeb", "NoteWeb\NoteWeb.csproj", "{3F763907-EAF9-4EE9-9E39-894D78A8A06B}"
EndProject
Project("{9A19103F-16F7-4668-BE54-9A1E7A4F7556}") = "NoteServerCore", "NoteServerCore\NoteServerCore.csproj", "{3F64CB26-FC28-43FD-AEA9-AA87AD46DD43}"
EndProject
Project("{9A19103F-16F7-4668-BE54-9A1E7A4F7556}") = "NoteApi", "NoteApi\NoteApi.csproj", "{7FD653AC-A598-4130-922E-0E59BACF5687}"
EndProject
Project("{2150E333-8FDC-42A3-9474-1A3956D46DE8}") = "Test", "Test", "{7E299AB7-0CB9-408E-8A30-D82A6D99AD36}"
EndProject
Project("{FAE04EC0-301F-11D3-BF4B-00C04F79EFBC}") = "NoteTest", "NoteTest\NoteTest.csproj", "{572D5DC5-7C9D-4D53-8CDD-E98F2BE776B6}"
EndProject
Global
	GlobalSection(SolutionConfigurationPlatforms) = preSolution
		Debug|Any CPU = Debug|Any CPU
		Release|Any CPU = Release|Any CPU
	EndGlobalSection
	GlobalSection(ProjectConfigurationPlatforms) = postSolution
		{C76F32C6-63F8-4AFE-B549-426718721469}.Debug|Any CPU.ActiveCfg = Debug|Any CPU
		{C76F32C6-63F8-4AFE-B549-426718721469}.Debug|Any CPU.Build.0 = Debug|Any CPU
		{C76F32C6-63F8-4AFE-B549-426718721469}.Release|Any CPU.ActiveCfg = Release|Any CPU
		{C76F32C6-63F8-4AFE-B549-426718721469}.Release|Any CPU.Build.0 = Release|Any CPU
		{155FD79C-A14D-463B-B38F-4EA0EE328B98}.Debug|Any CPU.ActiveCfg = Debug|Any CPU
		{155FD79C-A14D-463B-B38F-4EA0EE328B98}.Debug|Any CPU.Build.0 = Debug|Any CPU
		{155FD79C-A14D-463B-B38F-4EA0EE328B98}.Release|Any CPU.ActiveCfg = Release|Any CPU
		{155FD79C-A14D-463B-B38F-4EA0EE328B98}.Release|Any CPU.Build.0 = Release|Any CPU
		{5C22B213-65BF-4AA0-85C5-B2491C96B6C1}.Debug|Any CPU.ActiveCfg = Debug
		{5C22B213-65BF-4AA0-85C5-B2491C96B6C1}.Release|Any CPU.ActiveCfg = Release
		{5C22B213-65BF-4AA0-85C5-B2491C96B6C1}.Release|Any CPU.Build.0 = Release
		{C0A142C0-4D00-4239-97C1-442975DE49BF}.Debug|Any CPU.ActiveCfg = Debug|Any CPU
		{C0A142C0-4D00-4239-97C1-442975DE49BF}.Debug|Any CPU.Build.0 = Debug|Any CPU
		{C0A142C0-4D00-4239-97C1-442975DE49BF}.Release|Any CPU.ActiveCfg = Release|Any CPU
		{C0A142C0-4D00-4239-97C1-442975DE49BF}.Release|Any CPU.Build.0 = Release|Any CPU
		{7C28003A-E56A-4424-98D2-B4464F03D47A}.Debug|Any CPU.ActiveCfg = Debug|Any CPU
		{7C28003A-E56A-4424-98D2-B4464F03D47A}.Debug|Any CPU.Build.0 = Debug|Any CPU
		{7C28003A-E56A-4424-98D2-B4464F03D47A}.Release|Any CPU.ActiveCfg = Release|Any CPU
		{7C28003A-E56A-4424-98D2-B4464F03D47A}.Release|Any CPU.Build.0 = Release|Any CPU
		{3F763907-EAF9-4EE9-9E39-894D78A8A06B}.Debug|Any CPU.ActiveCfg = Debug|Any CPU
		{3F763907-EAF9-4EE9-9E39-894D78A8A06B}.Debug|Any CPU.Build.0 = Debug|Any CPU
		{3F763907-EAF9-4EE9-9E39-894D78A8A06B}.Release|Any CPU.ActiveCfg = Release|Any CPU
		{3F763907-EAF9-4EE9-9E39-894D78A8A06B}.Release|Any CPU.Build.0 = Release|Any CPU
		{3F64CB26-FC28-43FD-AEA9-AA87AD46DD43}.Debug|Any CPU.ActiveCfg = Debug|Any CPU
		{3F64CB26-FC28-43FD-AEA9-AA87AD46DD43}.Debug|Any CPU.Build.0 = Debug|Any CPU
		{3F64CB26-FC28-43FD-AEA9-AA87AD46DD43}.Release|Any CPU.ActiveCfg = Release|Any CPU
		{3F64CB26-FC28-43FD-AEA9-AA87AD46DD43}.Release|Any CPU.Build.0 = Release|Any CPU
		{7FD653AC-A598-4130-922E-0E59BACF5687}.Debug|Any CPU.ActiveCfg = Debug|Any CPU
		{7FD653AC-A598-4130-922E-0E59BACF5687}.Debug|Any CPU.Build.0 = Debug|Any CPU
		{7FD653AC-A598-4130-922E-0E59BACF5687}.Release|Any CPU.ActiveCfg = Release|Any CPU
		{7FD653AC-A598-4130-922E-0E59BACF5687}.Release|Any CPU.Build.0 = Release|Any CPU
		{572D5DC5-7C9D-4D53-8CDD-E98F2BE776B6}.Debug|Any CPU.ActiveCfg = Debug|Any CPU
		{572D5DC5-7C9D-4D53-8CDD-E98F2BE776B6}.Debug|Any CPU.Build.0 = Debug|Any CPU
		{572D5DC5-7C9D-4D53-8CDD-E98F2BE776B6}.Release|Any CPU.ActiveCfg = Release|Any CPU
		{572D5DC5-7C9D-4D53-8CDD-E98F2BE776B6}.Release|Any CPU.Build.0 = Release|Any CPU
	EndGlobalSection
	GlobalSection(SolutionProperties) = preSolution
		HideSolutionNode = FALSE
	EndGlobalSection
	GlobalSection(NestedProjects) = preSolution
		{572D5DC5-7C9D-4D53-8CDD-E98F2BE776B6} = {7E299AB7-0CB9-408E-8A30-D82A6D99AD36}
	EndGlobalSection
	GlobalSection(ExtensibilityGlobals) = postSolution
		SolutionGuid = {EFF0367B-4CB2-4698-B760-3D260CEFFD03}
	EndGlobalSection
EndGlobal
